
Microsoft Visual Studio Solution File, Format Version 12.00
# Visual Studio Version 17
VisualStudioVersion = 17.3.32901.215
MinimumVisualStudioVersion = 10.0.40219.1
Project("{FAE04EC0-301F-11D3-BF4B-00C04F79EFBC}") = "Employees", "Employees\Employees.csproj", "{F6A47FD2-E710-415F-805F-ECCFF5B47BCE}"
EndProject
Global
	GlobalSection(SolutionConfigurationPlatforms) = preSolution
		Debug|Any CPU = Debug|Any CPU
		Release|Any CPU = Release|Any CPU
	EndGlobalSection
	GlobalSection(ProjectConfigurationPlatforms) = postSolution
		{F6A47FD2-E710-415F-805F-ECCFF5B47BCE}.Debug|Any CPU.ActiveCfg = Debug|Any CPU
		{F6A47FD2-E710-415F-805F-ECCFF5B47BCE}.Debug|Any CPU.Build.0 = Debug|Any CPU
		{F6A47FD2-E710-415F-805F-ECCFF5B47BCE}.Release|Any CPU.ActiveCfg = Release|Any CPU
		{F6A47FD2-E710-415F-805F-ECCFF5B47BCE}.Release|Any CPU.Build.0 = Release|Any CPU
	EndGlobalSection
	GlobalSection(SolutionProperties) = preSolution
		HideSolutionNode = FALSE
	EndGlobalSection
	GlobalSection(ExtensibilityGlobals) = postSolution
		SolutionGuid = {430CD2BA-B142-4D49-836B-365AEEA74DC2}
	EndGlobalSection
EndGlobal
